
Microsoft Visual Studio Solution File, Format Version 12.00
# Visual Studio Version 17
VisualStudioVersion = 17.10.34928.147
MinimumVisualStudioVersion = 10.0.40219.1
Project("{9A19103F-16F7-4668-BE54-9A1E7A4F7556}") = "School.Infrastructure", "School.Infrastructure\School.Infrastructure.csproj", "{BC3966FB-7470-4CC5-9CB9-786F16F53EDC}"
EndProject
Project("{9A19103F-16F7-4668-BE54-9A1E7A4F7556}") = "School.Domain", "School.Domain\School.Domain.csproj", "{C48F1C25-DD27-434B-ADCA-BFEBF49809E7}"
EndProject
Project("{9A19103F-16F7-4668-BE54-9A1E7A4F7556}") = "School.Application", "School.Application\School.Application.csproj", "{C15750EE-F328-44FB-AB24-FF9ACEDF4FBA}"
EndProject
Project("{9A19103F-16F7-4668-BE54-9A1E7A4F7556}") = "School.Tests", "School.Tests\School.Tests.csproj", "{8F9A8999-E9BB-43F2-8702-D22D72A92111}"
EndProject
Project("{FAE04EC0-301F-11D3-BF4B-00C04F79EFBC}") = "School.Api", "School.Api\School.Api.csproj", "{E9AAE98E-12F3-4B52-8018-CA84E5044F6C}"
EndProject
Global
	GlobalSection(SolutionConfigurationPlatforms) = preSolution
		Debug|Any CPU = Debug|Any CPU
		Release|Any CPU = Release|Any CPU
	EndGlobalSection
	GlobalSection(ProjectConfigurationPlatforms) = postSolution
		{BC3966FB-7470-4CC5-9CB9-786F16F53EDC}.Debug|Any CPU.ActiveCfg = Debug|Any CPU
		{BC3966FB-7470-4CC5-9CB9-786F16F53EDC}.Debug|Any CPU.Build.0 = Debug|Any CPU
		{BC3966FB-7470-4CC5-9CB9-786F16F53EDC}.Release|Any CPU.ActiveCfg = Release|Any CPU
		{BC3966FB-7470-4CC5-9CB9-786F16F53EDC}.Release|Any CPU.Build.0 = Release|Any CPU
		{C48F1C25-DD27-434B-ADCA-BFEBF49809E7}.Debug|Any CPU.ActiveCfg = Debug|Any CPU
		{C48F1C25-DD27-434B-ADCA-BFEBF49809E7}.Debug|Any CPU.Build.0 = Debug|Any CPU
		{C48F1C25-DD27-434B-ADCA-BFEBF49809E7}.Release|Any CPU.ActiveCfg = Release|Any CPU
		{C48F1C25-DD27-434B-ADCA-BFEBF49809E7}.Release|Any CPU.Build.0 = Release|Any CPU
		{C15750EE-F328-44FB-AB24-FF9ACEDF4FBA}.Debug|Any CPU.ActiveCfg = Debug|Any CPU
		{C15750EE-F328-44FB-AB24-FF9ACEDF4FBA}.Debug|Any CPU.Build.0 = Debug|Any CPU
		{C15750EE-F328-44FB-AB24-FF9ACEDF4FBA}.Release|Any CPU.ActiveCfg = Release|Any CPU
		{C15750EE-F328-44FB-AB24-FF9ACEDF4FBA}.Release|Any CPU.Build.0 = Release|Any CPU
		{8F9A8999-E9BB-43F2-8702-D22D72A92111}.Debug|Any CPU.ActiveCfg = Debug|Any CPU
		{8F9A8999-E9BB-43F2-8702-D22D72A92111}.Debug|Any CPU.Build.0 = Debug|Any CPU
		{8F9A8999-E9BB-43F2-8702-D22D72A92111}.Release|Any CPU.ActiveCfg = Release|Any CPU
		{8F9A8999-E9BB-43F2-8702-D22D72A92111}.Release|Any CPU.Build.0 = Release|Any CPU
		{E9AAE98E-12F3-4B52-8018-CA84E5044F6C}.Debug|Any CPU.ActiveCfg = Debug|Any CPU
		{E9AAE98E-12F3-4B52-8018-CA84E5044F6C}.Debug|Any CPU.Build.0 = Debug|Any CPU
		{E9AAE98E-12F3-4B52-8018-CA84E5044F6C}.Release|Any CPU.ActiveCfg = Release|Any CPU
		{E9AAE98E-12F3-4B52-8018-CA84E5044F6C}.Release|Any CPU.Build.0 = Release|Any CPU
	EndGlobalSection
	GlobalSection(SolutionProperties) = preSolution
		HideSolutionNode = FALSE
	EndGlobalSection
	GlobalSection(ExtensibilityGlobals) = postSolution
		SolutionGuid = {110DD29E-7D26-411E-AD61-4549031B0825}
	EndGlobalSection
EndGlobal
